// !$*UTF8*$!
{
	archiveVersion = 1;
	classes = {
	};
	objectVersion = 56;
	objects = {

/* Begin PBXBuildFile section */
		6816F80D2AAAF16E00C5FE19 /* Practice_enviromentApp.swift in Sources */ = {isa = PBXBuildFile; fileRef = 6816F80C2AAAF16E00C5FE19 /* Practice_enviromentApp.swift */; };
		6816F80F2AAAF16E00C5FE19 /* ContentView.swift in Sources */ = {isa = PBXBuildFile; fileRef = 6816F80E2AAAF16E00C5FE19 /* ContentView.swift */; };
		6816F8112AAAF17000C5FE19 /* Assets.xcassets in Resources */ = {isa = PBXBuildFile; fileRef = 6816F8102AAAF17000C5FE19 /* Assets.xcassets */; };
		6816F8142AAAF17000C5FE19 /* Preview Assets.xcassets in Resources */ = {isa = PBXBuildFile; fileRef = 6816F8132AAAF17000C5FE19 /* Preview Assets.xcassets */; };
		68BA81812AAB2DB500CB32B1 /* practice_item.swift in Sources */ = {isa = PBXBuildFile; fileRef = 68BA81802AAB2DB500CB32B1 /* practice_item.swift */; };
		68F8C8A02AAB56CE0022D13A /* practice_view.swift in Sources */ = {isa = PBXBuildFile; fileRef = 68F8C89F2AAB56CE0022D13A /* practice_view.swift */; };
/* End PBXBuildFile section */

/* Begin PBXFileReference section */
		6816F8092AAAF16E00C5FE19 /* Practice_enviroment.app */ = {isa = PBXFileReference; explicitFileType = wrapper.application; includeInIndex = 0; path = Practice_enviroment.app; sourceTree = BUILT_PRODUCTS_DIR; };
		6816F80C2AAAF16E00C5FE19 /* Practice_enviromentApp.swift */ = {isa = PBXFileReference; lastKnownFileType = sourcecode.swift; path = Practice_enviromentApp.swift; sourceTree = "<group>"; };
		6816F80E2AAAF16E00C5FE19 /* ContentView.swift */ = {isa = PBXFileReference; lastKnownFileType = sourcecode.swift; path = ContentView.swift; sourceTree = "<group>"; };
		6816F8102AAAF17000C5FE19 /* Assets.xcassets */ = {isa = PBXFileReference; lastKnownFileType = folder.assetcatalog; path = Assets.xcassets; sourceTree = "<group>"; };
		6816F8132AAAF17000C5FE19 /* Preview Assets.xcassets */ = {isa = PBXFileReference; lastKnownFileType = folder.assetcatalog; path = "Preview Assets.xcassets"; sourceTree = "<group>"; };
		68BA81802AAB2DB500CB32B1 /* practice_item.swift */ = {isa = PBXFileReference; lastKnownFileType = sourcecode.swift; path = practice_item.swift; sourceTree = "<group>"; };
		68F8C89F2AAB56CE0022D13A /* practice_view.swift */ = {isa = PBXFileReference; lastKnownFileType = sourcecode.swift; path = practice_view.swift; sourceTree = "<group>"; };
/* End PBXFileReference section */

/* Begin PBXFrameworksBuildPhase section */
		6816F8062AAAF16E00C5FE19 /* Frameworks */ = {
			isa = PBXFrameworksBuildPhase;
			buildActionMask = 2147483647;
			files = (
			);
			runOnlyForDeploymentPostprocessing = 0;
		};
/* End PBXFrameworksBuildPhase section */

/* Begin PBXGroup section */
		6816F8002AAAF16E00C5FE19 = {
			isa = PBXGroup;
			children = (
				6816F80B2AAAF16E00C5FE19 /* Practice_enviroment */,
				6816F80A2AAAF16E00C5FE19 /* Products */,
			);
			sourceTree = "<group>";
		};
		6816F80A2AAAF16E00C5FE19 /* Products */ = {
			isa = PBXGroup;
			children = (
				6816F8092AAAF16E00C5FE19 /* Practice_enviroment.app */,
			);
			name = Products;
			sourceTree = "<group>";
		};
		6816F80B2AAAF16E00C5FE19 /* Practice_enviroment */ = {
			isa = PBXGroup;
			children = (
				6816F80C2AAAF16E00C5FE19 /* Practice_enviromentApp.swift */,
				6816F80E2AAAF16E00C5FE19 /* ContentView.swift */,
				68F8C89F2AAB56CE0022D13A /* practice_view.swift */,
				68BA81802AAB2DB500CB32B1 /* practice_item.swift */,
				6816F8102AAAF17000C5FE19 /* Assets.xcassets */,
				6816F8122AAAF17000C5FE19 /* Preview Content */,
			);
			path = Practice_enviroment;
			sourceTree = "<group>";
		};
		6816F8122AAAF17000C5FE19 /* Preview Content */ = {
			isa = PBXGroup;
			children = (
				6816F8132AAAF17000C5FE19 /* Preview Assets.xcassets */,
			);
			path = "Preview Content";
			sourceTree = "<group>";
		};
/* End PBXGroup section */

/* Begin PBXNativeTarget section */
		6816F8082AAAF16E00C5FE19 /* Practice_enviroment */ = {
			isa = PBXNativeTarget;
			buildConfigurationList = 6816F8172AAAF17000C5FE19 /* Build configuration list for PBXNativeTarget "Practice_enviroment" */;
			buildPhases = (
				6816F8052AAAF16E00C5FE19 /* Sources */,
				6816F8062AAAF16E00C5FE19 /* Frameworks */,
				6816F8072AAAF16E00C5FE19 /* Resources */,
			);
			buildRules = (
			);
			dependencies = (
			);
			name = Practice_enviroment;
			productName = Practice_enviroment;
			productReference = 6816F8092AAAF16E00C5FE19 /* Practice_enviroment.app */;
			productType = "com.apple.product-type.application";
		};
/* End PBXNativeTarget section */

/* Begin PBXProject section */
		6816F8012AAAF16E00C5FE19 /* Project object */ = {
			isa = PBXProject;
			attributes = {
				BuildIndependentTargetsInParallel = 1;
				LastSwiftUpdateCheck = 1430;
				LastUpgradeCheck = 1430;
				TargetAttributes = {
					6816F8082AAAF16E00C5FE19 = {
						CreatedOnToolsVersion = 14.3.1;
					};
				};
			};
			buildConfigurationList = 6816F8042AAAF16E00C5FE19 /* Build configuration list for PBXProject "Practice_enviroment" */;
			compatibilityVersion = "Xcode 14.0";
			developmentRegion = en;
			hasScannedForEncodings = 0;
			knownRegions = (
				en,
				Base,
			);
			mainGroup = 6816F8002AAAF16E00C5FE19;
			productRefGroup = 6816F80A2AAAF16E00C5FE19 /* Products */;
			projectDirPath = "";
			projectRoot = "";
			targets = (
				6816F8082AAAF16E00C5FE19 /* Practice_enviroment */,
			);
		};
/* End PBXProject section */

/* Begin PBXResourcesBuildPhase section */
		6816F8072AAAF16E00C5FE19 /* Resources */ = {
			isa = PBXResourcesBuildPhase;
			buildActionMask = 2147483647;
			files = (
				6816F8142AAAF17000C5FE19 /* Preview Assets.xcassets in Resources */,
				6816F8112AAAF17000C5FE19 /* Assets.xcassets in Resources */,
			);
			runOnlyForDeploymentPostprocessing = 0;
		};
/* End PBXResourcesBuildPhase section */

/* Begin PBXSourcesBuildPhase section */
		6816F8052AAAF16E00C5FE19 /* Sources */ = {
			isa = PBXSourcesBuildPhase;
			buildActionMask = 2147483647;
			files = (
				6816F80F2AAAF16E00C5FE19 /* ContentView.swift in Sources */,
				68BA81812AAB2DB500CB32B1 /* practice_item.swift in Sources */,
				6816F80D2AAAF16E00C5FE19 /* Practice_enviromentApp.swift in Sources */,
				68F8C8A02AAB56CE0022D13A /* practice_view.swift in Sources */,
			);
			runOnlyForDeploymentPostprocessing = 0;
		};
/* End PBXSourcesBuildPhase section */

/* Begin XCBuildConfiguration section */
		6816F8152AAAF17000C5FE19 /* Debug */ = {
			isa = XCBuildConfiguration;
			buildSettings = {
				ALWAYS_SEARCH_USER_PATHS = NO;
				CLANG_ANALYZER_NONNULL = YES;
				CLANG_ANALYZER_NUMBER_OBJECT_CONVERSION = YES_AGGRESSIVE;
				CLANG_CXX_LANGUAGE_STANDARD = "gnu++20";
				CLANG_ENABLE_MODULES = YES;
				CLANG_ENABLE_OBJC_ARC = YES;
				CLANG_ENABLE_OBJC_WEAK = YES;
				CLANG_WARN_BLOCK_CAPTURE_AUTORELEASING = YES;
				CLANG_WARN_BOOL_CONVERSION = YES;
				CLANG_WARN_COMMA = YES;
				CLANG_WARN_CONSTANT_CONVERSION = YES;
				CLANG_WARN_DEPRECATED_OBJC_IMPLEMENTATIONS = YES;
				CLANG_WARN_DIRECT_OBJC_ISA_USAGE = YES_ERROR;
				CLANG_WARN_DOCUMENTATION_COMMENTS = YES;
				CLANG_WARN_EMPTY_BODY = YES;
				CLANG_WARN_ENUM_CONVERSION = YES;
				CLANG_WARN_INFINITE_RECURSION = YES;
				CLANG_WARN_INT_CONVERSION = YES;
				CLANG_WARN_NON_LITERAL_NULL_CONVERSION = YES;
				CLANG_WARN_OBJC_IMPLICIT_RETAIN_SELF = YES;
				CLANG_WARN_OBJC_LITERAL_CONVERSION = YES;
				CLANG_WARN_OBJC_ROOT_CLASS = YES_ERROR;
				CLANG_WARN_QUOTED_INCLUDE_IN_FRAMEWORK_HEADER = YES;
				CLANG_WARN_RANGE_LOOP_ANALYSIS = YES;
				CLANG_WARN_STRICT_PROTOTYPES = YES;
				CLANG_WARN_SUSPICIOUS_MOVE = YES;
				CLANG_WARN_UNGUARDED_AVAILABILITY = YES_AGGRESSIVE;
				CLANG_WARN_UNREACHABLE_CODE = YES;
				CLANG_WARN__DUPLICATE_METHOD_MATCH = YES;
				COPY_PHASE_STRIP = NO;
				DEBUG_INFORMATION_FORMAT = dwarf;
				ENABLE_STRICT_OBJC_MSGSEND = YES;
				ENABLE_TESTABILITY = YES;
				GCC_C_LANGUAGE_STANDARD = gnu11;
				GCC_DYNAMIC_NO_PIC = NO;
				GCC_NO_COMMON_BLOCKS = YES;
				GCC_OPTIMIZATION_LEVEL = 0;
				GCC_PREPROCESSOR_DEFINITIONS = (
					"DEBUG=1",
					"$(inherited)",
				);
				GCC_WARN_64_TO_32_BIT_CONVERSION = YES;
				GCC_WARN_ABOUT_RETURN_TYPE = YES_ERROR;
				GCC_WARN_UNDECLARED_SELECTOR = YES;
				GCC_WARN_UNINITIALIZED_AUTOS = YES_AGGRESSIVE;
				GCC_WARN_UNUSED_FUNCTION = YES;
				GCC_WARN_UNUSED_VARIABLE = YES;
				IPHONEOS_DEPLOYMENT_TARGET = 16.4;
				MTL_ENABLE_DEBUG_INFO = INCLUDE_SOURCE;
				MTL_FAST_MATH = YES;
				ONLY_ACTIVE_ARCH = YES;
				SDKROOT = iphoneos;
				SWIFT_ACTIVE_COMPILATION_CONDITIONS = DEBUG;
				SWIFT_OPTIMIZATION_LEVEL = "-Onone";
			};
			name = Debug;
		};
		6816F8162AAAF17000C5FE19 /* Release */ = {
			isa = XCBuildConfiguration;
			buildSettings = {
				ALWAYS_SEARCH_USER_PATHS = NO;
				CLANG_ANALYZER_NONNULL = YES;
				CLANG_ANALYZER_NUMBER_OBJECT_CONVERSION = YES_AGGRESSIVE;
				CLANG_CXX_LANGUAGE_STANDARD = "gnu++20";
				CLANG_ENABLE_MODULES = YES;
				CLANG_ENABLE_OBJC_ARC = YES;
				CLANG_ENABLE_OBJC_WEAK = YES;
				CLANG_WARN_BLOCK_CAPTURE_AUTORELEASING = YES;
				CLANG_WARN_BOOL_CONVERSION = YES;
				CLANG_WARN_COMMA = YES;
				CLANG_WARN_CONSTANT_CONVERSION = YES;
				CLANG_WARN_DEPRECATED_OBJC_IMPLEMENTATIONS = YES;
				CLANG_WARN_DIRECT_OBJC_ISA_USAGE = YES_ERROR;
				CLANG_WARN_DOCUMENTATION_COMMENTS = YES;
				CLANG_WARN_EMPTY_BODY = YES;
				CLANG_WARN_ENUM_CONVERSION = YES;
				CLANG_WARN_INFINITE_RECURSION = YES;
				CLANG_WARN_INT_CONVERSION = YES;
				CLANG_WARN_NON_LITERAL_NULL_CONVERSION = YES;
				CLANG_WARN_OBJC_IMPLICIT_RETAIN_SELF = YES;
				CLANG_WARN_OBJC_LITERAL_CONVERSION = YES;
				CLANG_WARN_OBJC_ROOT_CLASS = YES_ERROR;
				CLANG_WARN_QUOTED_INCLUDE_IN_FRAMEWORK_HEADER = YES;
				CLANG_WARN_RANGE_LOOP_ANALYSIS = YES;
				CLANG_WARN_STRICT_PROTOTYPES = YES;
				CLANG_WARN_SUSPICIOUS_MOVE = YES;
				CLANG_WARN_UNGUARDED_AVAILABILITY = YES_AGGRESSIVE;
				CLANG_WARN_UNREACHABLE_CODE = YES;
				CLANG_WARN__DUPLICATE_METHOD_MATCH = YES;
				COPY_PHASE_STRIP = NO;
				DEBUG_INFORMATION_FORMAT = "dwarf-with-dsym";
				ENABLE_NS_ASSERTIONS = NO;
				ENABLE_STRICT_OBJC_MSGSEND = YES;
				GCC_C_LANGUAGE_STANDARD = gnu11;
				GCC_NO_COMMON_BLOCKS = YES;
				GCC_WARN_64_TO_32_BIT_CONVERSION = YES;
				GCC_WARN_ABOUT_RETURN_TYPE = YES_ERROR;
				GCC_WARN_UNDECLARED_SELECTOR = YES;
				GCC_WARN_UNINITIALIZED_AUTOS = YES_AGGRESSIVE;
				GCC_WARN_UNUSED_FUNCTION = YES;
				GCC_WARN_UNUSED_VARIABLE = YES;
				IPHONEOS_DEPLOYMENT_TARGET = 16.4;
				MTL_ENABLE_DEBUG_INFO = NO;
				MTL_FAST_MATH = YES;
				SDKROOT = iphoneos;
				SWIFT_COMPILATION_MODE = wholemodule;
				SWIFT_OPTIMIZATION_LEVEL = "-O";
				VALIDATE_PRODUCT = YES;
			};
			name = Release;
		};
		6816F8182AAAF17000C5FE19 /* Debug */ = {
			isa = XCBuildConfiguration;
			buildSettings = {
				ASSETCATALOG_COMPILER_APPICON_NAME = AppIcon;
				ASSETCATALOG_COMPILER_GLOBAL_ACCENT_COLOR_NAME = AccentColor;
				CODE_SIGN_STYLE = Automatic;
				CURRENT_PROJECT_VERSION = 1;
				DEVELOPMENT_ASSET_PATHS = "\"Practice_enviroment/Preview Content\"";
				DEVELOPMENT_TEAM = 9Y4U7GC37R;
				ENABLE_PREVIEWS = YES;
				GENERATE_INFOPLIST_FILE = YES;
				INFOPLIST_KEY_UIApplicationSceneManifest_Generation = YES;
				INFOPLIST_KEY_UIApplicationSupportsIndirectInputEvents = YES;
				INFOPLIST_KEY_UILaunchScreen_Generation = YES;
				INFOPLIST_KEY_UISupportedInterfaceOrientations_iPad = "UIInterfaceOrientationPortrait UIInterfaceOrientationPortraitUpsideDown UIInterfaceOrientationLandscapeLeft UIInterfaceOrientationLandscapeRight";
				INFOPLIST_KEY_UISupportedInterfaceOrientations_iPhone = "UIInterfaceOrientationPortrait UIInterfaceOrientationLandscapeLeft UIInterfaceOrientationLandscapeRight";
				LD_RUNPATH_SEARCH_PATHS = (
					"$(inherited)",
					"@executable_path/Frameworks",
				);
				MARKETING_VERSION = 1.0;
				PRODUCT_BUNDLE_IDENTIFIER = "com.kristianemil.Practice-enviroment";
				PRODUCT_NAME = "$(TARGET_NAME)";
				SWIFT_EMIT_LOC_STRINGS = YES;
				SWIFT_VERSION = 5.0;
				TARGETED_DEVICE_FAMILY = "1,2";
			};
			name = Debug;
		};
		6816F8192AAAF17000C5FE19 /* Release */ = {
			isa = XCBuildConfiguration;
			buildSettings = {
				ASSETCATALOG_COMPILER_APPICON_NAME = AppIcon;
				ASSETCATALOG_COMPILER_GLOBAL_ACCENT_COLOR_NAME = AccentColor;
				CODE_SIGN_STYLE = Automatic;
				CURRENT_PROJECT_VERSION = 1;
				DEVELOPMENT_ASSET_PATHS = "\"Practice_enviroment/Preview Content\"";
				DEVELOPMENT_TEAM = 9Y4U7GC37R;
				ENABLE_PREVIEWS = YES;
				GENERATE_INFOPLIST_FILE = YES;
				INFOPLIST_KEY_UIApplicationSceneManifest_Generation = YES;
				INFOPLIST_KEY_UIApplicationSupportsIndirectInputEvents = YES;
				INFOPLIST_KEY_UILaunchScreen_Generation = YES;
				INFOPLIST_KEY_UISupportedInterfaceOrientations_iPad = "UIInterfaceOrientationPortrait UIInterfaceOrientationPortraitUpsideDown UIInterfaceOrientationLandscapeLeft UIInterfaceOrientationLandscapeRight";
				INFOPLIST_KEY_UISupportedInterfaceOrientations_iPhone = "UIInterfaceOrientationPortrait UIInterfaceOrientationLandscapeLeft UIInterfaceOrientationLandscapeRight";
				LD_RUNPATH_SEARCH_PATHS = (
					"$(inherited)",
					"@executable_path/Frameworks",
				);
				MARKETING_VERSION = 1.0;
				PRODUCT_BUNDLE_IDENTIFIER = "com.kristianemil.Practice-enviroment";
				PRODUCT_NAME = "$(TARGET_NAME)";
				SWIFT_EMIT_LOC_STRINGS = YES;
				SWIFT_VERSION = 5.0;
				TARGETED_DEVICE_FAMILY = "1,2";
			};
			name = Release;
		};
/* End XCBuildConfiguration section */

/* Begin XCConfigurationList section */
		6816F8042AAAF16E00C5FE19 /* Build configuration list for PBXProject "Practice_enviroment" */ = {
			isa = XCConfigurationList;
			buildConfigurations = (
				6816F8152AAAF17000C5FE19 /* Debug */,
				6816F8162AAAF17000C5FE19 /* Release */,
			);
			defaultConfigurationIsVisible = 0;
			defaultConfigurationName = Release;
		};
		6816F8172AAAF17000C5FE19 /* Build configuration list for PBXNativeTarget "Practice_enviroment" */ = {
			isa = XCConfigurationList;
			buildConfigurations = (
				6816F8182AAAF17000C5FE19 /* Debug */,
				6816F8192AAAF17000C5FE19 /* Release */,
			);
			defaultConfigurationIsVisible = 0;
			defaultConfigurationName = Release;
		};
/* End XCConfigurationList section */
	};
	rootObject = 6816F8012AAAF16E00C5FE19 /* Project object */;
}
